
Microsoft Visual Studio Solution File, Format Version 12.00
# Visual Studio Version 16
VisualStudioVersion = 16.0.29519.87
MinimumVisualStudioVersion = 10.0.40219.1
Project("{FAE04EC0-301F-11D3-BF4B-00C04F79EFBC}") = "pbi_prepare", "pbi_prepare\pbi_prepare.csproj", "{C9F66453-96F3-4707-9694-A48C19CEB3CC}"
EndProject
Global
	GlobalSection(SolutionConfigurationPlatforms) = preSolution
		Debug|Any CPU = Debug|Any CPU
		Release|Any CPU = Release|Any CPU
	EndGlobalSection
	GlobalSection(ProjectConfigurationPlatforms) = postSolution
		{C9F66453-96F3-4707-9694-A48C19CEB3CC}.Debug|Any CPU.ActiveCfg = Debug|Any CPU
		{C9F66453-96F3-4707-9694-A48C19CEB3CC}.Debug|Any CPU.Build.0 = Debug|Any CPU
		{C9F66453-96F3-4707-9694-A48C19CEB3CC}.Release|Any CPU.ActiveCfg = Release|Any CPU
		{C9F66453-96F3-4707-9694-A48C19CEB3CC}.Release|Any CPU.Build.0 = Release|Any CPU
	EndGlobalSection
	GlobalSection(SolutionProperties) = preSolution
		HideSolutionNode = FALSE
	EndGlobalSection
	GlobalSection(ExtensibilityGlobals) = postSolution
		SolutionGuid = {1DDE6E75-2391-4F94-B776-1C6D239CC9C7}
	EndGlobalSection
EndGlobal
